{
    "name": "@company/project",
    "version": "1.0.0",
    "lockfileVersion": 3,
    "requires": true,
    "packages": {
        "": {
            "name": "@company/project",
            "version": "1.0.0",
            "license": "MIT",
            "dependencies": {
                "acorn": "^8.10.0"
            }
        },
        "node_modules/acorn": {
            "version": "8.10.0",
            "license": "MIT",
            "bin": {
                "acorn": "bin/acorn"
            },
            "engines": {
                "node": ">=0.4.0"
            }
        }
    }
}
